
Microsoft Visual Studio Solution File, Format Version 12.00
# Visual Studio Version 17
VisualStudioVersion = 17.1.32414.318
MinimumVisualStudioVersion = 10.0.40219.1
Project("{2150E333-8FDC-42A3-9474-1A3956D46DE8}") = "service", "service", "{0582A087-0B21-4C8C-9F68-BD4414960732}"
EndProject
Project("{2150E333-8FDC-42A3-9474-1A3956D46DE8}") = "libs", "libs", "{B15AACD7-4E5F-4CBE-8E4C-48C39E9A4FD9}"
EndProject
Project("{9A19103F-16F7-4668-BE54-9A1E7A4F7556}") = "Mongemini.Persistence.Contracts", "src\libs\Mongemini.Persistence.Contracts\Mongemini.Persistence.Contracts.csproj", "{5C2D00B5-BCEF-4C19-8EF4-35C4A27D72E8}"
EndProject
Project("{9A19103F-16F7-4668-BE54-9A1E7A4F7556}") = "Mongemini.Persistence.Implementations", "src\libs\Mongemini.Persistence.Implementations\Mongemini.Persistence.Implementations.csproj", "{FB98C40D-123E-4DC1-868A-27AF7227CF92}"
EndProject
Project("{9A19103F-16F7-4668-BE54-9A1E7A4F7556}") = "Mongemini.Domain", "src\libs\Mongemini.Domain\Mongemini.Domain.csproj", "{0BFBDF7D-40C2-4552-A64B-1FD95C954127}"
EndProject
Project("{9A19103F-16F7-4668-BE54-9A1E7A4F7556}") = "Mongemini.Application.Core", "src\libs\Mongemini.Application.Core\Mongemini.Application.Core.csproj", "{0C089C87-4AD7-463E-87FE-96332FC3FF82}"
EndProject
Project("{9A19103F-16F7-4668-BE54-9A1E7A4F7556}") = "Mongemini.Service.Infrastructure", "src\service\Mongemini.Service.Infrastructure\Mongemini.Service.Infrastructure.csproj", "{5F565D4C-8382-4DB8-BD46-234A58B1FB01}"
EndProject
Project("{9A19103F-16F7-4668-BE54-9A1E7A4F7556}") = "Mongemini.Service.Domain", "src\service\Mongemini.Service.Domain\Mongemini.Service.Domain.csproj", "{3AE7463A-AF9E-42D2-9164-8775FCC64414}"
EndProject
Project("{9A19103F-16F7-4668-BE54-9A1E7A4F7556}") = "Mongemini.Service.Application", "src\service\Mongemini.Service.Application\Mongemini.Service.Application.csproj", "{EE300976-0751-4B39-9132-7E72DDB1E9C2}"
EndProject
Project("{9A19103F-16F7-4668-BE54-9A1E7A4F7556}") = "Mongemini.Service.API", "src\service\Mongemini.Service.API\Mongemini.Service.API.csproj", "{66EFA10B-0A64-44C7-B000-77D125DB71F3}"
EndProject
Project("{E53339B2-1760-4266-BCC7-CA923CBCF16C}") = "docker-compose", "docker-compose.dcproj", "{DAFD3286-7E64-4DD3-8259-DDFEC2F16229}"
EndProject
Project("{9A19103F-16F7-4668-BE54-9A1E7A4F7556}") = "Mongemini.Bus.Contracts", "src\libs\Mongemini.Bus.Contracts\Mongemini.Bus.Contracts.csproj", "{093049E5-AF4F-4AE6-9BA7-D9805262D2A3}"
EndProject
Project("{9A19103F-16F7-4668-BE54-9A1E7A4F7556}") = "Mongemini.Bus.RabbitMq", "src\libs\Mongemini.Bus.RabbitMq\Mongemini.Bus.RabbitMq.csproj", "{FE425E60-AD24-4558-B4EE-898264C80A7B}"
EndProject
Project("{2150E333-8FDC-42A3-9474-1A3956D46DE8}") = "tests", "tests", "{C2FEEC41-3057-4F68-B661-64073F3A76CD}"
EndProject
Project("{9A19103F-16F7-4668-BE54-9A1E7A4F7556}") = "Mongemini.Tests", "src\tests\Mongemini.Tests\Mongemini.Tests.csproj", "{1F6FD598-D5D9-4C5E-BC6D-EF31DD3D6D8F}"
EndProject
Global
	GlobalSection(SolutionConfigurationPlatforms) = preSolution
		Debug|Any CPU = Debug|Any CPU
		Local|Any CPU = Local|Any CPU
		Release|Any CPU = Release|Any CPU
	EndGlobalSection
	GlobalSection(ProjectConfigurationPlatforms) = postSolution
		{5C2D00B5-BCEF-4C19-8EF4-35C4A27D72E8}.Debug|Any CPU.ActiveCfg = Debug|Any CPU
		{5C2D00B5-BCEF-4C19-8EF4-35C4A27D72E8}.Debug|Any CPU.Build.0 = Debug|Any CPU
		{5C2D00B5-BCEF-4C19-8EF4-35C4A27D72E8}.Local|Any CPU.ActiveCfg = Local|Any CPU
		{5C2D00B5-BCEF-4C19-8EF4-35C4A27D72E8}.Local|Any CPU.Build.0 = Local|Any CPU
		{5C2D00B5-BCEF-4C19-8EF4-35C4A27D72E8}.Release|Any CPU.ActiveCfg = Release|Any CPU
		{5C2D00B5-BCEF-4C19-8EF4-35C4A27D72E8}.Release|Any CPU.Build.0 = Release|Any CPU
		{FB98C40D-123E-4DC1-868A-27AF7227CF92}.Debug|Any CPU.ActiveCfg = Debug|Any CPU
		{FB98C40D-123E-4DC1-868A-27AF7227CF92}.Debug|Any CPU.Build.0 = Debug|Any CPU
		{FB98C40D-123E-4DC1-868A-27AF7227CF92}.Local|Any CPU.ActiveCfg = Local|Any CPU
		{FB98C40D-123E-4DC1-868A-27AF7227CF92}.Local|Any CPU.Build.0 = Local|Any CPU
		{FB98C40D-123E-4DC1-868A-27AF7227CF92}.Release|Any CPU.ActiveCfg = Release|Any CPU
		{FB98C40D-123E-4DC1-868A-27AF7227CF92}.Release|Any CPU.Build.0 = Release|Any CPU
		{0BFBDF7D-40C2-4552-A64B-1FD95C954127}.Debug|Any CPU.ActiveCfg = Debug|Any CPU
		{0BFBDF7D-40C2-4552-A64B-1FD95C954127}.Debug|Any CPU.Build.0 = Debug|Any CPU
		{0BFBDF7D-40C2-4552-A64B-1FD95C954127}.Local|Any CPU.ActiveCfg = Local|Any CPU
		{0BFBDF7D-40C2-4552-A64B-1FD95C954127}.Local|Any CPU.Build.0 = Local|Any CPU
		{0BFBDF7D-40C2-4552-A64B-1FD95C954127}.Release|Any CPU.ActiveCfg = Release|Any CPU
		{0BFBDF7D-40C2-4552-A64B-1FD95C954127}.Release|Any CPU.Build.0 = Release|Any CPU
		{0C089C87-4AD7-463E-87FE-96332FC3FF82}.Debug|Any CPU.ActiveCfg = Debug|Any CPU
		{0C089C87-4AD7-463E-87FE-96332FC3FF82}.Debug|Any CPU.Build.0 = Debug|Any CPU
		{0C089C87-4AD7-463E-87FE-96332FC3FF82}.Local|Any CPU.ActiveCfg = Local|Any CPU
		{0C089C87-4AD7-463E-87FE-96332FC3FF82}.Local|Any CPU.Build.0 = Local|Any CPU
		{0C089C87-4AD7-463E-87FE-96332FC3FF82}.Release|Any CPU.ActiveCfg = Release|Any CPU
		{0C089C87-4AD7-463E-87FE-96332FC3FF82}.Release|Any CPU.Build.0 = Release|Any CPU
		{5F565D4C-8382-4DB8-BD46-234A58B1FB01}.Debug|Any CPU.ActiveCfg = Debug|Any CPU
		{5F565D4C-8382-4DB8-BD46-234A58B1FB01}.Debug|Any CPU.Build.0 = Debug|Any CPU
		{5F565D4C-8382-4DB8-BD46-234A58B1FB01}.Local|Any CPU.ActiveCfg = Local|Any CPU
		{5F565D4C-8382-4DB8-BD46-234A58B1FB01}.Local|Any CPU.Build.0 = Local|Any CPU
		{5F565D4C-8382-4DB8-BD46-234A58B1FB01}.Release|Any CPU.ActiveCfg = Release|Any CPU
		{5F565D4C-8382-4DB8-BD46-234A58B1FB01}.Release|Any CPU.Build.0 = Release|Any CPU
		{3AE7463A-AF9E-42D2-9164-8775FCC64414}.Debug|Any CPU.ActiveCfg = Debug|Any CPU
		{3AE7463A-AF9E-42D2-9164-8775FCC64414}.Debug|Any CPU.Build.0 = Debug|Any CPU
		{3AE7463A-AF9E-42D2-9164-8775FCC64414}.Local|Any CPU.ActiveCfg = Local|Any CPU
		{3AE7463A-AF9E-42D2-9164-8775FCC64414}.Local|Any CPU.Build.0 = Local|Any CPU
		{3AE7463A-AF9E-42D2-9164-8775FCC64414}.Release|Any CPU.ActiveCfg = Release|Any CPU
		{3AE7463A-AF9E-42D2-9164-8775FCC64414}.Release|Any CPU.Build.0 = Release|Any CPU
		{EE300976-0751-4B39-9132-7E72DDB1E9C2}.Debug|Any CPU.ActiveCfg = Debug|Any CPU
		{EE300976-0751-4B39-9132-7E72DDB1E9C2}.Debug|Any CPU.Build.0 = Debug|Any CPU
		{EE300976-0751-4B39-9132-7E72DDB1E9C2}.Local|Any CPU.ActiveCfg = Local|Any CPU
		{EE300976-0751-4B39-9132-7E72DDB1E9C2}.Local|Any CPU.Build.0 = Local|Any CPU
		{EE300976-0751-4B39-9132-7E72DDB1E9C2}.Release|Any CPU.ActiveCfg = Release|Any CPU
		{EE300976-0751-4B39-9132-7E72DDB1E9C2}.Release|Any CPU.Build.0 = Release|Any CPU
		{66EFA10B-0A64-44C7-B000-77D125DB71F3}.Debug|Any CPU.ActiveCfg = Debug|Any CPU
		{66EFA10B-0A64-44C7-B000-77D125DB71F3}.Debug|Any CPU.Build.0 = Debug|Any CPU
		{66EFA10B-0A64-44C7-B000-77D125DB71F3}.Local|Any CPU.ActiveCfg = Local|Any CPU
		{66EFA10B-0A64-44C7-B000-77D125DB71F3}.Local|Any CPU.Build.0 = Local|Any CPU
		{66EFA10B-0A64-44C7-B000-77D125DB71F3}.Release|Any CPU.ActiveCfg = Release|Any CPU
		{66EFA10B-0A64-44C7-B000-77D125DB71F3}.Release|Any CPU.Build.0 = Release|Any CPU
		{DAFD3286-7E64-4DD3-8259-DDFEC2F16229}.Debug|Any CPU.ActiveCfg = Debug|Any CPU
		{DAFD3286-7E64-4DD3-8259-DDFEC2F16229}.Debug|Any CPU.Build.0 = Debug|Any CPU
		{DAFD3286-7E64-4DD3-8259-DDFEC2F16229}.Local|Any CPU.ActiveCfg = Debug|Any CPU
		{DAFD3286-7E64-4DD3-8259-DDFEC2F16229}.Local|Any CPU.Build.0 = Debug|Any CPU
		{DAFD3286-7E64-4DD3-8259-DDFEC2F16229}.Release|Any CPU.ActiveCfg = Debug|Any CPU
		{093049E5-AF4F-4AE6-9BA7-D9805262D2A3}.Debug|Any CPU.ActiveCfg = Debug|Any CPU
		{093049E5-AF4F-4AE6-9BA7-D9805262D2A3}.Debug|Any CPU.Build.0 = Debug|Any CPU
		{093049E5-AF4F-4AE6-9BA7-D9805262D2A3}.Local|Any CPU.ActiveCfg = Local|Any CPU
		{093049E5-AF4F-4AE6-9BA7-D9805262D2A3}.Local|Any CPU.Build.0 = Local|Any CPU
		{093049E5-AF4F-4AE6-9BA7-D9805262D2A3}.Release|Any CPU.ActiveCfg = Release|Any CPU
		{093049E5-AF4F-4AE6-9BA7-D9805262D2A3}.Release|Any CPU.Build.0 = Release|Any CPU
		{FE425E60-AD24-4558-B4EE-898264C80A7B}.Debug|Any CPU.ActiveCfg = Debug|Any CPU
		{FE425E60-AD24-4558-B4EE-898264C80A7B}.Debug|Any CPU.Build.0 = Debug|Any CPU
		{FE425E60-AD24-4558-B4EE-898264C80A7B}.Local|Any CPU.ActiveCfg = Local|Any CPU
		{FE425E60-AD24-4558-B4EE-898264C80A7B}.Local|Any CPU.Build.0 = Local|Any CPU
		{FE425E60-AD24-4558-B4EE-898264C80A7B}.Release|Any CPU.ActiveCfg = Release|Any CPU
		{FE425E60-AD24-4558-B4EE-898264C80A7B}.Release|Any CPU.Build.0 = Release|Any CPU
		{1F6FD598-D5D9-4C5E-BC6D-EF31DD3D6D8F}.Debug|Any CPU.ActiveCfg = Debug|Any CPU
		{1F6FD598-D5D9-4C5E-BC6D-EF31DD3D6D8F}.Debug|Any CPU.Build.0 = Debug|Any CPU
		{1F6FD598-D5D9-4C5E-BC6D-EF31DD3D6D8F}.Local|Any CPU.ActiveCfg = Debug|Any CPU
		{1F6FD598-D5D9-4C5E-BC6D-EF31DD3D6D8F}.Local|Any CPU.Build.0 = Debug|Any CPU
		{1F6FD598-D5D9-4C5E-BC6D-EF31DD3D6D8F}.Release|Any CPU.ActiveCfg = Release|Any CPU
		{1F6FD598-D5D9-4C5E-BC6D-EF31DD3D6D8F}.Release|Any CPU.Build.0 = Release|Any CPU
	EndGlobalSection
	GlobalSection(SolutionProperties) = preSolution
		HideSolutionNode = FALSE
	EndGlobalSection
	GlobalSection(NestedProjects) = preSolution
		{5C2D00B5-BCEF-4C19-8EF4-35C4A27D72E8} = {B15AACD7-4E5F-4CBE-8E4C-48C39E9A4FD9}
		{FB98C40D-123E-4DC1-868A-27AF7227CF92} = {B15AACD7-4E5F-4CBE-8E4C-48C39E9A4FD9}
		{0BFBDF7D-40C2-4552-A64B-1FD95C954127} = {B15AACD7-4E5F-4CBE-8E4C-48C39E9A4FD9}
		{0C089C87-4AD7-463E-87FE-96332FC3FF82} = {B15AACD7-4E5F-4CBE-8E4C-48C39E9A4FD9}
		{5F565D4C-8382-4DB8-BD46-234A58B1FB01} = {0582A087-0B21-4C8C-9F68-BD4414960732}
		{3AE7463A-AF9E-42D2-9164-8775FCC64414} = {0582A087-0B21-4C8C-9F68-BD4414960732}
		{EE300976-0751-4B39-9132-7E72DDB1E9C2} = {0582A087-0B21-4C8C-9F68-BD4414960732}
		{66EFA10B-0A64-44C7-B000-77D125DB71F3} = {0582A087-0B21-4C8C-9F68-BD4414960732}
		{093049E5-AF4F-4AE6-9BA7-D9805262D2A3} = {B15AACD7-4E5F-4CBE-8E4C-48C39E9A4FD9}
		{FE425E60-AD24-4558-B4EE-898264C80A7B} = {B15AACD7-4E5F-4CBE-8E4C-48C39E9A4FD9}
		{1F6FD598-D5D9-4C5E-BC6D-EF31DD3D6D8F} = {C2FEEC41-3057-4F68-B661-64073F3A76CD}
	EndGlobalSection
	GlobalSection(ExtensibilityGlobals) = postSolution
		SolutionGuid = {4004D0F6-673C-47BD-9621-58B12E7B64ED}
	EndGlobalSection
EndGlobal
